
Microsoft Visual Studio Solution File, Format Version 12.00
# Visual Studio Version 16
VisualStudioVersion = 16.0.29418.71
MinimumVisualStudioVersion = 10.0.40219.1
Project("{9A19103F-16F7-4668-BE54-9A1E7A4F7556}") = "Tcc.Dominio", "QuickBuy.Dominio\Tcc.Dominio.csproj", "{A62D9664-CA38-4A9A-B5AD-75E90D8EBC7A}"
EndProject
Project("{9A19103F-16F7-4668-BE54-9A1E7A4F7556}") = "Tcc.Repositorio", "QuickBuy.Repositorio\Tcc.Repositorio.csproj", "{C4D45F58-034F-4582-AD8C-C4D314BD2D01}"
EndProject
Project("{9A19103F-16F7-4668-BE54-9A1E7A4F7556}") = "Tcc.Web", "QuickBuy.Web3\Tcc.Web.csproj", "{46588413-3C2C-4D5E-9017-2DEEB08004B3}"
EndProject
Global
	GlobalSection(SolutionConfigurationPlatforms) = preSolution
		Debug|Any CPU = Debug|Any CPU
		Release|Any CPU = Release|Any CPU
	EndGlobalSection
	GlobalSection(ProjectConfigurationPlatforms) = postSolution
		{A62D9664-CA38-4A9A-B5AD-75E90D8EBC7A}.Debug|Any CPU.ActiveCfg = Debug|Any CPU
		{A62D9664-CA38-4A9A-B5AD-75E90D8EBC7A}.Debug|Any CPU.Build.0 = Debug|Any CPU
		{A62D9664-CA38-4A9A-B5AD-75E90D8EBC7A}.Release|Any CPU.ActiveCfg = Release|Any CPU
		{A62D9664-CA38-4A9A-B5AD-75E90D8EBC7A}.Release|Any CPU.Build.0 = Release|Any CPU
		{C4D45F58-034F-4582-AD8C-C4D314BD2D01}.Debug|Any CPU.ActiveCfg = Debug|Any CPU
		{C4D45F58-034F-4582-AD8C-C4D314BD2D01}.Debug|Any CPU.Build.0 = Debug|Any CPU
		{C4D45F58-034F-4582-AD8C-C4D314BD2D01}.Release|Any CPU.ActiveCfg = Release|Any CPU
		{C4D45F58-034F-4582-AD8C-C4D314BD2D01}.Release|Any CPU.Build.0 = Release|Any CPU
		{46588413-3C2C-4D5E-9017-2DEEB08004B3}.Debug|Any CPU.ActiveCfg = Debug|Any CPU
		{46588413-3C2C-4D5E-9017-2DEEB08004B3}.Debug|Any CPU.Build.0 = Debug|Any CPU
		{46588413-3C2C-4D5E-9017-2DEEB08004B3}.Release|Any CPU.ActiveCfg = Release|Any CPU
		{46588413-3C2C-4D5E-9017-2DEEB08004B3}.Release|Any CPU.Build.0 = Release|Any CPU
	EndGlobalSection
	GlobalSection(SolutionProperties) = preSolution
		HideSolutionNode = FALSE
	EndGlobalSection
	GlobalSection(ExtensibilityGlobals) = postSolution
		SolutionGuid = {0B529D95-1AEA-4E15-9C70-9C6A3B1BC8F2}
	EndGlobalSection
EndGlobal
